
Microsoft Visual Studio Solution File, Format Version 12.00
# Visual Studio Version 16
VisualStudioVersion = 16.0.31129.286
MinimumVisualStudioVersion = 10.0.40219.1
Project("{FAE04EC0-301F-11D3-BF4B-00C04F79EFBC}") = "CRMInfo", "CRMInfo.csproj", "{0E4310C7-838A-4F02-90B8-71E80E2315C9}"
EndProject
Global
	GlobalSection(SolutionConfigurationPlatforms) = preSolution
		Debug|Any CPU = Debug|Any CPU
		Release|Any CPU = Release|Any CPU
	EndGlobalSection
	GlobalSection(ProjectConfigurationPlatforms) = postSolution
		{0E4310C7-838A-4F02-90B8-71E80E2315C9}.Debug|Any CPU.ActiveCfg = Debug|Any CPU
		{0E4310C7-838A-4F02-90B8-71E80E2315C9}.Debug|Any CPU.Build.0 = Debug|Any CPU
		{0E4310C7-838A-4F02-90B8-71E80E2315C9}.Release|Any CPU.ActiveCfg = Release|Any CPU
		{0E4310C7-838A-4F02-90B8-71E80E2315C9}.Release|Any CPU.Build.0 = Release|Any CPU
	EndGlobalSection
	GlobalSection(SolutionProperties) = preSolution
		HideSolutionNode = FALSE
	EndGlobalSection
	GlobalSection(ExtensibilityGlobals) = postSolution
		SolutionGuid = {BD32ED4E-7DE6-4012-95BF-3E4BD0FA1C2E}
	EndGlobalSection
EndGlobal
